
Microsoft Visual Studio Solution File, Format Version 12.00
# Visual Studio Version 17
VisualStudioVersion = 17.5.002.0
MinimumVisualStudioVersion = 10.0.40219.1
Project("{2150E333-8FDC-42A3-9474-1A3956D46DE8}") = "sandbox", "sandbox", "{CB5CEEE9-E29D-4B8F-920A-442106C64B1D}"
EndProject
Project("{9A19103F-16F7-4668-BE54-9A1E7A4F7556}") = "sandbox_project", "sandbox\sandbox_project\sandbox_project.csproj", "{7F016524-9FCE-4D27-A8ED-FF58F1FE3C4B}"
EndProject
Project("{2150E333-8FDC-42A3-9474-1A3956D46DE8}") = "week01", "week01", "{893AFDF0-10EF-43F7-B416-526EA5CDCD50}"
EndProject
Project("{9A19103F-16F7-4668-BE54-9A1E7A4F7556}") = "analyze", "week01\analyze\analyze.csproj", "{52446BBE-8E36-422B-A2CB-4C0EB0A6DF44}"
EndProject
Project("{9A19103F-16F7-4668-BE54-9A1E7A4F7556}") = "code", "week01\code\code.csproj", "{FD98CA07-2627-4D84-8FFB-07F6B48E8F3F}"
EndProject
Project("{9A19103F-16F7-4668-BE54-9A1E7A4F7556}") = "teach", "week01\teach\teach.csproj", "{142A90D5-E19C-45EE-8DF5-063D4C8D1B71}"
EndProject
Project("{2150E333-8FDC-42A3-9474-1A3956D46DE8}") = "week02", "week02", "{ADF1D66C-E232-4768-967D-F3AF55F291DA}"
EndProject
Project("{9A19103F-16F7-4668-BE54-9A1E7A4F7556}") = "analyze", "week02\analyze\analyze.csproj", "{56E5B4FB-B77C-46FE-B8AF-C5103EA2B001}"
EndProject
Project("{9A19103F-16F7-4668-BE54-9A1E7A4F7556}") = "code", "week02\code\code.csproj", "{3134FDDB-DE6F-42CA-9415-6EBFEF194289}"
EndProject
Project("{9A19103F-16F7-4668-BE54-9A1E7A4F7556}") = "learn", "week02\learn\learn.csproj", "{5E65B99D-CBEF-4B64-8ADF-BE5D0B08A1E8}"
EndProject
Project("{9A19103F-16F7-4668-BE54-9A1E7A4F7556}") = "teach", "week02\teach\teach.csproj", "{7A70860B-E457-4F1A-9253-5B4A24EBCE83}"
EndProject
Project("{2150E333-8FDC-42A3-9474-1A3956D46DE8}") = "week03", "week03", "{DD0298D8-4789-449D-BF5A-128A735329EA}"
EndProject
Project("{9A19103F-16F7-4668-BE54-9A1E7A4F7556}") = "code", "week03\code\code.csproj", "{272D69E0-D438-4710-AA88-D8617256B9A7}"
EndProject
Project("{9A19103F-16F7-4668-BE54-9A1E7A4F7556}") = "learn", "week03\learn\learn.csproj", "{EAFFF286-11E0-4821-9C60-188BB58CF3F6}"
EndProject
Project("{9A19103F-16F7-4668-BE54-9A1E7A4F7556}") = "teach", "week03\teach\teach.csproj", "{3E11401B-2FB0-4FAB-99F0-1B0895584A52}"
EndProject
Project("{2150E333-8FDC-42A3-9474-1A3956D46DE8}") = "week04", "week04", "{0123A9E7-DAC1-4FF2-A180-1D3A88D0B9DD}"
EndProject
Project("{9A19103F-16F7-4668-BE54-9A1E7A4F7556}") = "code", "week04\code\code.csproj", "{AE2AC234-1D41-4941-8D4B-67A5C0450A35}"
EndProject
Project("{2150E333-8FDC-42A3-9474-1A3956D46DE8}") = "week05", "week05", "{92B11FF0-CB97-4548-8DE9-854036A7816C}"
EndProject
Project("{9A19103F-16F7-4668-BE54-9A1E7A4F7556}") = "code", "week05\code\code.csproj", "{FA20EA74-CA9C-4BD5-B2BA-17DD3719434C}"
EndProject
Project("{2150E333-8FDC-42A3-9474-1A3956D46DE8}") = "week06", "week06", "{E7CCA8DF-C395-4C7E-A8C7-D9926C96552F}"
EndProject
Project("{9A19103F-16F7-4668-BE54-9A1E7A4F7556}") = "code", "week06\code\code.csproj", "{08AABA80-9A1E-43F9-B5E1-505A3E6E597C}"
EndProject
Global
	GlobalSection(SolutionConfigurationPlatforms) = preSolution
		Debug|Any CPU = Debug|Any CPU
		Release|Any CPU = Release|Any CPU
	EndGlobalSection
	GlobalSection(ProjectConfigurationPlatforms) = postSolution
		{7F016524-9FCE-4D27-A8ED-FF58F1FE3C4B}.Debug|Any CPU.ActiveCfg = Debug|Any CPU
		{7F016524-9FCE-4D27-A8ED-FF58F1FE3C4B}.Debug|Any CPU.Build.0 = Debug|Any CPU
		{7F016524-9FCE-4D27-A8ED-FF58F1FE3C4B}.Release|Any CPU.ActiveCfg = Release|Any CPU
		{7F016524-9FCE-4D27-A8ED-FF58F1FE3C4B}.Release|Any CPU.Build.0 = Release|Any CPU
		{52446BBE-8E36-422B-A2CB-4C0EB0A6DF44}.Debug|Any CPU.ActiveCfg = Debug|Any CPU
		{52446BBE-8E36-422B-A2CB-4C0EB0A6DF44}.Debug|Any CPU.Build.0 = Debug|Any CPU
		{52446BBE-8E36-422B-A2CB-4C0EB0A6DF44}.Release|Any CPU.ActiveCfg = Release|Any CPU
		{52446BBE-8E36-422B-A2CB-4C0EB0A6DF44}.Release|Any CPU.Build.0 = Release|Any CPU
		{FD98CA07-2627-4D84-8FFB-07F6B48E8F3F}.Debug|Any CPU.ActiveCfg = Debug|Any CPU
		{FD98CA07-2627-4D84-8FFB-07F6B48E8F3F}.Debug|Any CPU.Build.0 = Debug|Any CPU
		{FD98CA07-2627-4D84-8FFB-07F6B48E8F3F}.Release|Any CPU.ActiveCfg = Release|Any CPU
		{FD98CA07-2627-4D84-8FFB-07F6B48E8F3F}.Release|Any CPU.Build.0 = Release|Any CPU
		{142A90D5-E19C-45EE-8DF5-063D4C8D1B71}.Debug|Any CPU.ActiveCfg = Debug|Any CPU
		{142A90D5-E19C-45EE-8DF5-063D4C8D1B71}.Debug|Any CPU.Build.0 = Debug|Any CPU
		{142A90D5-E19C-45EE-8DF5-063D4C8D1B71}.Release|Any CPU.ActiveCfg = Release|Any CPU
		{142A90D5-E19C-45EE-8DF5-063D4C8D1B71}.Release|Any CPU.Build.0 = Release|Any CPU
		{56E5B4FB-B77C-46FE-B8AF-C5103EA2B001}.Debug|Any CPU.ActiveCfg = Debug|Any CPU
		{56E5B4FB-B77C-46FE-B8AF-C5103EA2B001}.Debug|Any CPU.Build.0 = Debug|Any CPU
		{56E5B4FB-B77C-46FE-B8AF-C5103EA2B001}.Release|Any CPU.ActiveCfg = Release|Any CPU
		{56E5B4FB-B77C-46FE-B8AF-C5103EA2B001}.Release|Any CPU.Build.0 = Release|Any CPU
		{3134FDDB-DE6F-42CA-9415-6EBFEF194289}.Debug|Any CPU.ActiveCfg = Debug|Any CPU
		{3134FDDB-DE6F-42CA-9415-6EBFEF194289}.Debug|Any CPU.Build.0 = Debug|Any CPU
		{3134FDDB-DE6F-42CA-9415-6EBFEF194289}.Release|Any CPU.ActiveCfg = Release|Any CPU
		{3134FDDB-DE6F-42CA-9415-6EBFEF194289}.Release|Any CPU.Build.0 = Release|Any CPU
		{5E65B99D-CBEF-4B64-8ADF-BE5D0B08A1E8}.Debug|Any CPU.ActiveCfg = Debug|Any CPU
		{5E65B99D-CBEF-4B64-8ADF-BE5D0B08A1E8}.Debug|Any CPU.Build.0 = Debug|Any CPU
		{5E65B99D-CBEF-4B64-8ADF-BE5D0B08A1E8}.Release|Any CPU.ActiveCfg = Release|Any CPU
		{5E65B99D-CBEF-4B64-8ADF-BE5D0B08A1E8}.Release|Any CPU.Build.0 = Release|Any CPU
		{7A70860B-E457-4F1A-9253-5B4A24EBCE83}.Debug|Any CPU.ActiveCfg = Debug|Any CPU
		{7A70860B-E457-4F1A-9253-5B4A24EBCE83}.Debug|Any CPU.Build.0 = Debug|Any CPU
		{7A70860B-E457-4F1A-9253-5B4A24EBCE83}.Release|Any CPU.ActiveCfg = Release|Any CPU
		{7A70860B-E457-4F1A-9253-5B4A24EBCE83}.Release|Any CPU.Build.0 = Release|Any CPU
		{272D69E0-D438-4710-AA88-D8617256B9A7}.Debug|Any CPU.ActiveCfg = Debug|Any CPU
		{272D69E0-D438-4710-AA88-D8617256B9A7}.Debug|Any CPU.Build.0 = Debug|Any CPU
		{272D69E0-D438-4710-AA88-D8617256B9A7}.Release|Any CPU.ActiveCfg = Release|Any CPU
		{272D69E0-D438-4710-AA88-D8617256B9A7}.Release|Any CPU.Build.0 = Release|Any CPU
		{EAFFF286-11E0-4821-9C60-188BB58CF3F6}.Debug|Any CPU.ActiveCfg = Debug|Any CPU
		{EAFFF286-11E0-4821-9C60-188BB58CF3F6}.Debug|Any CPU.Build.0 = Debug|Any CPU
		{EAFFF286-11E0-4821-9C60-188BB58CF3F6}.Release|Any CPU.ActiveCfg = Release|Any CPU
		{EAFFF286-11E0-4821-9C60-188BB58CF3F6}.Release|Any CPU.Build.0 = Release|Any CPU
		{3E11401B-2FB0-4FAB-99F0-1B0895584A52}.Debug|Any CPU.ActiveCfg = Debug|Any CPU
		{3E11401B-2FB0-4FAB-99F0-1B0895584A52}.Debug|Any CPU.Build.0 = Debug|Any CPU
		{3E11401B-2FB0-4FAB-99F0-1B0895584A52}.Release|Any CPU.ActiveCfg = Release|Any CPU
		{3E11401B-2FB0-4FAB-99F0-1B0895584A52}.Release|Any CPU.Build.0 = Release|Any CPU
		{AE2AC234-1D41-4941-8D4B-67A5C0450A35}.Debug|Any CPU.ActiveCfg = Debug|Any CPU
		{AE2AC234-1D41-4941-8D4B-67A5C0450A35}.Debug|Any CPU.Build.0 = Debug|Any CPU
		{AE2AC234-1D41-4941-8D4B-67A5C0450A35}.Release|Any CPU.ActiveCfg = Release|Any CPU
		{AE2AC234-1D41-4941-8D4B-67A5C0450A35}.Release|Any CPU.Build.0 = Release|Any CPU
		{FA20EA74-CA9C-4BD5-B2BA-17DD3719434C}.Debug|Any CPU.ActiveCfg = Debug|Any CPU
		{FA20EA74-CA9C-4BD5-B2BA-17DD3719434C}.Debug|Any CPU.Build.0 = Debug|Any CPU
		{FA20EA74-CA9C-4BD5-B2BA-17DD3719434C}.Release|Any CPU.ActiveCfg = Release|Any CPU
		{FA20EA74-CA9C-4BD5-B2BA-17DD3719434C}.Release|Any CPU.Build.0 = Release|Any CPU
		{08AABA80-9A1E-43F9-B5E1-505A3E6E597C}.Debug|Any CPU.ActiveCfg = Debug|Any CPU
		{08AABA80-9A1E-43F9-B5E1-505A3E6E597C}.Debug|Any CPU.Build.0 = Debug|Any CPU
		{08AABA80-9A1E-43F9-B5E1-505A3E6E597C}.Release|Any CPU.ActiveCfg = Release|Any CPU
		{08AABA80-9A1E-43F9-B5E1-505A3E6E597C}.Release|Any CPU.Build.0 = Release|Any CPU
	EndGlobalSection
	GlobalSection(SolutionProperties) = preSolution
		HideSolutionNode = FALSE
	EndGlobalSection
	GlobalSection(NestedProjects) = preSolution
		{7F016524-9FCE-4D27-A8ED-FF58F1FE3C4B} = {CB5CEEE9-E29D-4B8F-920A-442106C64B1D}
		{52446BBE-8E36-422B-A2CB-4C0EB0A6DF44} = {893AFDF0-10EF-43F7-B416-526EA5CDCD50}
		{FD98CA07-2627-4D84-8FFB-07F6B48E8F3F} = {893AFDF0-10EF-43F7-B416-526EA5CDCD50}
		{142A90D5-E19C-45EE-8DF5-063D4C8D1B71} = {893AFDF0-10EF-43F7-B416-526EA5CDCD50}
		{56E5B4FB-B77C-46FE-B8AF-C5103EA2B001} = {ADF1D66C-E232-4768-967D-F3AF55F291DA}
		{3134FDDB-DE6F-42CA-9415-6EBFEF194289} = {ADF1D66C-E232-4768-967D-F3AF55F291DA}
		{5E65B99D-CBEF-4B64-8ADF-BE5D0B08A1E8} = {ADF1D66C-E232-4768-967D-F3AF55F291DA}
		{7A70860B-E457-4F1A-9253-5B4A24EBCE83} = {ADF1D66C-E232-4768-967D-F3AF55F291DA}
		{272D69E0-D438-4710-AA88-D8617256B9A7} = {DD0298D8-4789-449D-BF5A-128A735329EA}
		{EAFFF286-11E0-4821-9C60-188BB58CF3F6} = {DD0298D8-4789-449D-BF5A-128A735329EA}
		{3E11401B-2FB0-4FAB-99F0-1B0895584A52} = {DD0298D8-4789-449D-BF5A-128A735329EA}
		{AE2AC234-1D41-4941-8D4B-67A5C0450A35} = {0123A9E7-DAC1-4FF2-A180-1D3A88D0B9DD}
		{FA20EA74-CA9C-4BD5-B2BA-17DD3719434C} = {92B11FF0-CB97-4548-8DE9-854036A7816C}
		{08AABA80-9A1E-43F9-B5E1-505A3E6E597C} = {E7CCA8DF-C395-4C7E-A8C7-D9926C96552F}
	EndGlobalSection
	GlobalSection(ExtensibilityGlobals) = postSolution
		SolutionGuid = {B6F87FE7-3105-4D2C-A41C-6E1C42BE5BB1}
	EndGlobalSection
EndGlobal
